
Microsoft Visual Studio Solution File, Format Version 12.00
# Visual Studio Version 17
VisualStudioVersion = 17.3.32901.215
MinimumVisualStudioVersion = 10.0.40219.1
Project("{FAE04EC0-301F-11D3-BF4B-00C04F79EFBC}") = "tablo", "tablo\tablo.csproj", "{3C8878BE-E0EF-425B-8E26-58ED777AC741}"
EndProject
Global
	GlobalSection(SolutionConfigurationPlatforms) = preSolution
		Debug|Any CPU = Debug|Any CPU
		Release|Any CPU = Release|Any CPU
	EndGlobalSection
	GlobalSection(ProjectConfigurationPlatforms) = postSolution
		{3C8878BE-E0EF-425B-8E26-58ED777AC741}.Debug|Any CPU.ActiveCfg = Debug|Any CPU
		{3C8878BE-E0EF-425B-8E26-58ED777AC741}.Debug|Any CPU.Build.0 = Debug|Any CPU
		{3C8878BE-E0EF-425B-8E26-58ED777AC741}.Release|Any CPU.ActiveCfg = Release|Any CPU
		{3C8878BE-E0EF-425B-8E26-58ED777AC741}.Release|Any CPU.Build.0 = Release|Any CPU
	EndGlobalSection
	GlobalSection(SolutionProperties) = preSolution
		HideSolutionNode = FALSE
	EndGlobalSection
	GlobalSection(ExtensibilityGlobals) = postSolution
		SolutionGuid = {DBEE075A-933C-4597-AEA5-F817B345DF3B}
	EndGlobalSection
EndGlobal
